
Microsoft Visual Studio Solution File, Format Version 12.00
# Visual Studio 15
VisualStudioVersion = 15.0.27428.2043
MinimumVisualStudioVersion = 10.0.40219.1
Project("{FAE04EC0-301F-11D3-BF4B-00C04F79EFBC}") = "Lab8", "Lab7\Lab8.csproj", "{D5E5E923-A8A1-4D4F-A6EF-8170F8D59E53}"
EndProject
Global
	GlobalSection(SolutionConfigurationPlatforms) = preSolution
		Debug|Any CPU = Debug|Any CPU
		Release|Any CPU = Release|Any CPU
	EndGlobalSection
	GlobalSection(ProjectConfigurationPlatforms) = postSolution
		{D5E5E923-A8A1-4D4F-A6EF-8170F8D59E53}.Debug|Any CPU.ActiveCfg = Debug|Any CPU
		{D5E5E923-A8A1-4D4F-A6EF-8170F8D59E53}.Debug|Any CPU.Build.0 = Debug|Any CPU
		{D5E5E923-A8A1-4D4F-A6EF-8170F8D59E53}.Release|Any CPU.ActiveCfg = Release|Any CPU
		{D5E5E923-A8A1-4D4F-A6EF-8170F8D59E53}.Release|Any CPU.Build.0 = Release|Any CPU
	EndGlobalSection
	GlobalSection(SolutionProperties) = preSolution
		HideSolutionNode = FALSE
	EndGlobalSection
	GlobalSection(ExtensibilityGlobals) = postSolution
		SolutionGuid = {1F136E9C-DEC4-4F8B-8A9B-997EE7F4BBDC}
	EndGlobalSection
EndGlobal
