
Microsoft Visual Studio Solution File, Format Version 12.00
# Visual Studio Version 16
VisualStudioVersion = 16.0.31205.134
MinimumVisualStudioVersion = 10.0.40219.1
Project("{FAE04EC0-301F-11D3-BF4B-00C04F79EFBC}") = "L10", "L10.csproj", "{BC09C64B-E0AD-4F5E-901B-F8869C681B89}"
EndProject
Global
	GlobalSection(SolutionConfigurationPlatforms) = preSolution
		Debug|Any CPU = Debug|Any CPU
		Release|Any CPU = Release|Any CPU
	EndGlobalSection
	GlobalSection(ProjectConfigurationPlatforms) = postSolution
		{BC09C64B-E0AD-4F5E-901B-F8869C681B89}.Debug|Any CPU.ActiveCfg = Debug|Any CPU
		{BC09C64B-E0AD-4F5E-901B-F8869C681B89}.Debug|Any CPU.Build.0 = Debug|Any CPU
		{BC09C64B-E0AD-4F5E-901B-F8869C681B89}.Release|Any CPU.ActiveCfg = Release|Any CPU
		{BC09C64B-E0AD-4F5E-901B-F8869C681B89}.Release|Any CPU.Build.0 = Release|Any CPU
	EndGlobalSection
	GlobalSection(SolutionProperties) = preSolution
		HideSolutionNode = FALSE
	EndGlobalSection
	GlobalSection(ExtensibilityGlobals) = postSolution
		SolutionGuid = {7D665928-61E5-4A65-A78B-E4A65E37A421}
	EndGlobalSection
EndGlobal
