
Microsoft Visual Studio Solution File, Format Version 12.00
# Visual Studio Version 16
VisualStudioVersion = 16.0.31005.135
MinimumVisualStudioVersion = 10.0.40219.1
Project("{FAE04EC0-301F-11D3-BF4B-00C04F79EFBC}") = "lab6_7", "lab6_7\lab6_7.csproj", "{7760298B-2435-4A44-8673-A514DF85637C}"
EndProject
Global
	GlobalSection(SolutionConfigurationPlatforms) = preSolution
		Debug|Any CPU = Debug|Any CPU
		Release|Any CPU = Release|Any CPU
	EndGlobalSection
	GlobalSection(ProjectConfigurationPlatforms) = postSolution
		{7760298B-2435-4A44-8673-A514DF85637C}.Debug|Any CPU.ActiveCfg = Debug|Any CPU
		{7760298B-2435-4A44-8673-A514DF85637C}.Debug|Any CPU.Build.0 = Debug|Any CPU
		{7760298B-2435-4A44-8673-A514DF85637C}.Release|Any CPU.ActiveCfg = Release|Any CPU
		{7760298B-2435-4A44-8673-A514DF85637C}.Release|Any CPU.Build.0 = Release|Any CPU
	EndGlobalSection
	GlobalSection(SolutionProperties) = preSolution
		HideSolutionNode = FALSE
	EndGlobalSection
	GlobalSection(ExtensibilityGlobals) = postSolution
		SolutionGuid = {7A961916-8852-42D8-A069-ED378F3F2B40}
	EndGlobalSection
EndGlobal
