
Microsoft Visual Studio Solution File, Format Version 12.00
# Visual Studio Version 16
VisualStudioVersion = 16.0.31205.134
MinimumVisualStudioVersion = 10.0.40219.1
Project("{FAE04EC0-301F-11D3-BF4B-00C04F79EFBC}") = "L11", "L11.csproj", "{8C4A3B9B-A76F-40DA-84E9-9D1CC3ECFFF3}"
EndProject
Global
	GlobalSection(SolutionConfigurationPlatforms) = preSolution
		Debug|Any CPU = Debug|Any CPU
		Release|Any CPU = Release|Any CPU
	EndGlobalSection
	GlobalSection(ProjectConfigurationPlatforms) = postSolution
		{8C4A3B9B-A76F-40DA-84E9-9D1CC3ECFFF3}.Debug|Any CPU.ActiveCfg = Debug|Any CPU
		{8C4A3B9B-A76F-40DA-84E9-9D1CC3ECFFF3}.Debug|Any CPU.Build.0 = Debug|Any CPU
		{8C4A3B9B-A76F-40DA-84E9-9D1CC3ECFFF3}.Release|Any CPU.ActiveCfg = Release|Any CPU
		{8C4A3B9B-A76F-40DA-84E9-9D1CC3ECFFF3}.Release|Any CPU.Build.0 = Release|Any CPU
	EndGlobalSection
	GlobalSection(SolutionProperties) = preSolution
		HideSolutionNode = FALSE
	EndGlobalSection
	GlobalSection(ExtensibilityGlobals) = postSolution
		SolutionGuid = {E19EAE22-B1E8-4B14-8D62-00432B48006C}
	EndGlobalSection
EndGlobal
